
Microsoft Visual Studio Solution File, Format Version 12.00
# Visual Studio Version 17
VisualStudioVersion = 17.4.33122.133
MinimumVisualStudioVersion = 10.0.40219.1
Project("{FAE04EC0-301F-11D3-BF4B-00C04F79EFBC}") = "RecapProject1", "RecapProject1\RecapProject1.csproj", "{212AF0C7-EFD4-4E6A-AF49-0B1B42D96A57}"
EndProject
Global
	GlobalSection(SolutionConfigurationPlatforms) = preSolution
		Debug|Any CPU = Debug|Any CPU
		Release|Any CPU = Release|Any CPU
	EndGlobalSection
	GlobalSection(ProjectConfigurationPlatforms) = postSolution
		{212AF0C7-EFD4-4E6A-AF49-0B1B42D96A57}.Debug|Any CPU.ActiveCfg = Debug|Any CPU
		{212AF0C7-EFD4-4E6A-AF49-0B1B42D96A57}.Debug|Any CPU.Build.0 = Debug|Any CPU
		{212AF0C7-EFD4-4E6A-AF49-0B1B42D96A57}.Release|Any CPU.ActiveCfg = Release|Any CPU
		{212AF0C7-EFD4-4E6A-AF49-0B1B42D96A57}.Release|Any CPU.Build.0 = Release|Any CPU
	EndGlobalSection
	GlobalSection(SolutionProperties) = preSolution
		HideSolutionNode = FALSE
	EndGlobalSection
	GlobalSection(ExtensibilityGlobals) = postSolution
		SolutionGuid = {4AF8633D-2A0E-41CA-A4DC-E50BF27A9BA1}
	EndGlobalSection
EndGlobal
