
Microsoft Visual Studio Solution File, Format Version 12.00
# Visual Studio Version 17
VisualStudioVersion = 17.4.33205.214
MinimumVisualStudioVersion = 10.0.40219.1
Project("{FAE04EC0-301F-11D3-BF4B-00C04F79EFBC}") = "Helpers.Tests", "UnitTestProject1\Helpers.Tests.csproj", "{611DD6EF-E3D7-4D9B-A71F-DAE095D6233A}"
EndProject
Project("{FAE04EC0-301F-11D3-BF4B-00C04F79EFBC}") = "Helpers", "Helpers\Helpers.csproj", "{242F2281-1EE6-4124-96C2-A35DC7C88731}"
EndProject
Global
	GlobalSection(SolutionConfigurationPlatforms) = preSolution
		Debug|Any CPU = Debug|Any CPU
		Release|Any CPU = Release|Any CPU
	EndGlobalSection
	GlobalSection(ProjectConfigurationPlatforms) = postSolution
		{611DD6EF-E3D7-4D9B-A71F-DAE095D6233A}.Debug|Any CPU.ActiveCfg = Debug|Any CPU
		{611DD6EF-E3D7-4D9B-A71F-DAE095D6233A}.Debug|Any CPU.Build.0 = Debug|Any CPU
		{611DD6EF-E3D7-4D9B-A71F-DAE095D6233A}.Release|Any CPU.ActiveCfg = Release|Any CPU
		{611DD6EF-E3D7-4D9B-A71F-DAE095D6233A}.Release|Any CPU.Build.0 = Release|Any CPU
		{242F2281-1EE6-4124-96C2-A35DC7C88731}.Debug|Any CPU.ActiveCfg = Debug|Any CPU
		{242F2281-1EE6-4124-96C2-A35DC7C88731}.Debug|Any CPU.Build.0 = Debug|Any CPU
		{242F2281-1EE6-4124-96C2-A35DC7C88731}.Release|Any CPU.ActiveCfg = Release|Any CPU
		{242F2281-1EE6-4124-96C2-A35DC7C88731}.Release|Any CPU.Build.0 = Release|Any CPU
	EndGlobalSection
	GlobalSection(SolutionProperties) = preSolution
		HideSolutionNode = FALSE
	EndGlobalSection
	GlobalSection(ExtensibilityGlobals) = postSolution
		SolutionGuid = {3A40F092-30AF-4981-ACD0-29D7630E0A1D}
	EndGlobalSection
EndGlobal
