
Microsoft Visual Studio Solution File, Format Version 12.00
# Visual Studio Version 17
VisualStudioVersion = 17.4.33205.214
MinimumVisualStudioVersion = 10.0.40219.1
Project("{FAE04EC0-301F-11D3-BF4B-00C04F79EFBC}") = "Singleton", "Singleton\Singleton.csproj", "{D3DA7A7C-2EB7-471F-BF25-A28389E216FD}"
EndProject
Project("{FAE04EC0-301F-11D3-BF4B-00C04F79EFBC}") = "FactoryMethod", "FactoryMethod\FactoryMethod.csproj", "{A67EE612-0BB5-4672-A21E-A2AE988D2DCF}"
EndProject
Project("{FAE04EC0-301F-11D3-BF4B-00C04F79EFBC}") = "AbstractFactory", "AbstractFactory\AbstractFactory.csproj", "{FE644448-EA70-4B32-A496-C329A63880DC}"
EndProject
Project("{FAE04EC0-301F-11D3-BF4B-00C04F79EFBC}") = "Prototype", "Prototype\Prototype.csproj", "{89DE117E-81C1-4FE7-AA4D-17D8C9B0C293}"
EndProject
Project("{FAE04EC0-301F-11D3-BF4B-00C04F79EFBC}") = "Builder", "Builder\Builder.csproj", "{CED0EA5A-EEE1-450A-BFB7-04F4FFE1D2B3}"
EndProject
Global
	GlobalSection(SolutionConfigurationPlatforms) = preSolution
		Debug|Any CPU = Debug|Any CPU
		Release|Any CPU = Release|Any CPU
	EndGlobalSection
	GlobalSection(ProjectConfigurationPlatforms) = postSolution
		{D3DA7A7C-2EB7-471F-BF25-A28389E216FD}.Debug|Any CPU.ActiveCfg = Debug|Any CPU
		{D3DA7A7C-2EB7-471F-BF25-A28389E216FD}.Debug|Any CPU.Build.0 = Debug|Any CPU
		{D3DA7A7C-2EB7-471F-BF25-A28389E216FD}.Release|Any CPU.ActiveCfg = Release|Any CPU
		{D3DA7A7C-2EB7-471F-BF25-A28389E216FD}.Release|Any CPU.Build.0 = Release|Any CPU
		{A67EE612-0BB5-4672-A21E-A2AE988D2DCF}.Debug|Any CPU.ActiveCfg = Debug|Any CPU
		{A67EE612-0BB5-4672-A21E-A2AE988D2DCF}.Debug|Any CPU.Build.0 = Debug|Any CPU
		{A67EE612-0BB5-4672-A21E-A2AE988D2DCF}.Release|Any CPU.ActiveCfg = Release|Any CPU
		{A67EE612-0BB5-4672-A21E-A2AE988D2DCF}.Release|Any CPU.Build.0 = Release|Any CPU
		{FE644448-EA70-4B32-A496-C329A63880DC}.Debug|Any CPU.ActiveCfg = Debug|Any CPU
		{FE644448-EA70-4B32-A496-C329A63880DC}.Debug|Any CPU.Build.0 = Debug|Any CPU
		{FE644448-EA70-4B32-A496-C329A63880DC}.Release|Any CPU.ActiveCfg = Release|Any CPU
		{FE644448-EA70-4B32-A496-C329A63880DC}.Release|Any CPU.Build.0 = Release|Any CPU
		{89DE117E-81C1-4FE7-AA4D-17D8C9B0C293}.Debug|Any CPU.ActiveCfg = Debug|Any CPU
		{89DE117E-81C1-4FE7-AA4D-17D8C9B0C293}.Debug|Any CPU.Build.0 = Debug|Any CPU
		{89DE117E-81C1-4FE7-AA4D-17D8C9B0C293}.Release|Any CPU.ActiveCfg = Release|Any CPU
		{89DE117E-81C1-4FE7-AA4D-17D8C9B0C293}.Release|Any CPU.Build.0 = Release|Any CPU
		{CED0EA5A-EEE1-450A-BFB7-04F4FFE1D2B3}.Debug|Any CPU.ActiveCfg = Debug|Any CPU
		{CED0EA5A-EEE1-450A-BFB7-04F4FFE1D2B3}.Debug|Any CPU.Build.0 = Debug|Any CPU
		{CED0EA5A-EEE1-450A-BFB7-04F4FFE1D2B3}.Release|Any CPU.ActiveCfg = Release|Any CPU
		{CED0EA5A-EEE1-450A-BFB7-04F4FFE1D2B3}.Release|Any CPU.Build.0 = Release|Any CPU
	EndGlobalSection
	GlobalSection(SolutionProperties) = preSolution
		HideSolutionNode = FALSE
	EndGlobalSection
	GlobalSection(ExtensibilityGlobals) = postSolution
		SolutionGuid = {434E5151-E428-4467-8E15-66E5BB983BC5}
	EndGlobalSection
EndGlobal
