
Microsoft Visual Studio Solution File, Format Version 12.00
# Visual Studio Version 17
VisualStudioVersion = 17.4.33205.214
MinimumVisualStudioVersion = 10.0.40219.1
Project("{FAE04EC0-301F-11D3-BF4B-00C04F79EFBC}") = "Singleton", "Singleton\Singleton.csproj", "{D3DA7A7C-2EB7-471F-BF25-A28389E216FD}"
EndProject
Project("{FAE04EC0-301F-11D3-BF4B-00C04F79EFBC}") = "FactoryMethod", "FactoryMethod\FactoryMethod.csproj", "{A67EE612-0BB5-4672-A21E-A2AE988D2DCF}"
EndProject
Project("{FAE04EC0-301F-11D3-BF4B-00C04F79EFBC}") = "AbstractFactory", "AbstractFactory\AbstractFactory.csproj", "{FE644448-EA70-4B32-A496-C329A63880DC}"
EndProject
Project("{FAE04EC0-301F-11D3-BF4B-00C04F79EFBC}") = "Prototype", "Prototype\Prototype.csproj", "{89DE117E-81C1-4FE7-AA4D-17D8C9B0C293}"
EndProject
Project("{FAE04EC0-301F-11D3-BF4B-00C04F79EFBC}") = "Builder", "Builder\Builder.csproj", "{CED0EA5A-EEE1-450A-BFB7-04F4FFE1D2B3}"
EndProject
Project("{FAE04EC0-301F-11D3-BF4B-00C04F79EFBC}") = "Facade", "Facade\Facade.csproj", "{AA6F32D3-24C8-406A-B679-0CB75C8FD27E}"
EndProject
Project("{FAE04EC0-301F-11D3-BF4B-00C04F79EFBC}") = "Adapter", "Adapter\Adapter.csproj", "{BC2C35D7-DCEA-4523-9A5D-9F3A79653D44}"
EndProject
Project("{FAE04EC0-301F-11D3-BF4B-00C04F79EFBC}") = "Composite", "Composite\Composite.csproj", "{FBFB49F5-D921-4A43-AA96-154F494522BF}"
EndProject
Project("{FAE04EC0-301F-11D3-BF4B-00C04F79EFBC}") = "Proxy", "Proxy\Proxy.csproj", "{45E81C93-38F3-44A8-A346-28BCE9EB4A0B}"
EndProject
Project("{FAE04EC0-301F-11D3-BF4B-00C04F79EFBC}") = "Decorator", "Decorator\Decorator.csproj", "{E2819DCA-FA58-4B15-9FD2-006E0BEF9111}"
EndProject
Project("{FAE04EC0-301F-11D3-BF4B-00C04F79EFBC}") = "Bridge", "Bridge\Bridge.csproj", "{FEBAAF7D-1C56-4110-BBF0-486A652926B8}"
EndProject
Project("{FAE04EC0-301F-11D3-BF4B-00C04F79EFBC}") = "Strategy", "Strategy\Strategy.csproj", "{898E8E71-F14C-4911-991A-27514ED109A0}"
EndProject
Project("{FAE04EC0-301F-11D3-BF4B-00C04F79EFBC}") = "Observer", "Observer\Observer.csproj", "{918580A9-9984-4EE6-AF18-5814F286DEA6}"
EndProject
Project("{FAE04EC0-301F-11D3-BF4B-00C04F79EFBC}") = "ChainOfResponsibility", "ChainOfResponsibility\ChainOfResponsibility.csproj", "{FB8A75D1-57D4-4E71-82D7-7DD688B56175}"
EndProject
Global
	GlobalSection(SolutionConfigurationPlatforms) = preSolution
		Debug|Any CPU = Debug|Any CPU
		Release|Any CPU = Release|Any CPU
	EndGlobalSection
	GlobalSection(ProjectConfigurationPlatforms) = postSolution
		{D3DA7A7C-2EB7-471F-BF25-A28389E216FD}.Debug|Any CPU.ActiveCfg = Debug|Any CPU
		{D3DA7A7C-2EB7-471F-BF25-A28389E216FD}.Debug|Any CPU.Build.0 = Debug|Any CPU
		{D3DA7A7C-2EB7-471F-BF25-A28389E216FD}.Release|Any CPU.ActiveCfg = Release|Any CPU
		{D3DA7A7C-2EB7-471F-BF25-A28389E216FD}.Release|Any CPU.Build.0 = Release|Any CPU
		{A67EE612-0BB5-4672-A21E-A2AE988D2DCF}.Debug|Any CPU.ActiveCfg = Debug|Any CPU
		{A67EE612-0BB5-4672-A21E-A2AE988D2DCF}.Debug|Any CPU.Build.0 = Debug|Any CPU
		{A67EE612-0BB5-4672-A21E-A2AE988D2DCF}.Release|Any CPU.ActiveCfg = Release|Any CPU
		{A67EE612-0BB5-4672-A21E-A2AE988D2DCF}.Release|Any CPU.Build.0 = Release|Any CPU
		{FE644448-EA70-4B32-A496-C329A63880DC}.Debug|Any CPU.ActiveCfg = Debug|Any CPU
		{FE644448-EA70-4B32-A496-C329A63880DC}.Debug|Any CPU.Build.0 = Debug|Any CPU
		{FE644448-EA70-4B32-A496-C329A63880DC}.Release|Any CPU.ActiveCfg = Release|Any CPU
		{FE644448-EA70-4B32-A496-C329A63880DC}.Release|Any CPU.Build.0 = Release|Any CPU
		{89DE117E-81C1-4FE7-AA4D-17D8C9B0C293}.Debug|Any CPU.ActiveCfg = Debug|Any CPU
		{89DE117E-81C1-4FE7-AA4D-17D8C9B0C293}.Debug|Any CPU.Build.0 = Debug|Any CPU
		{89DE117E-81C1-4FE7-AA4D-17D8C9B0C293}.Release|Any CPU.ActiveCfg = Release|Any CPU
		{89DE117E-81C1-4FE7-AA4D-17D8C9B0C293}.Release|Any CPU.Build.0 = Release|Any CPU
		{CED0EA5A-EEE1-450A-BFB7-04F4FFE1D2B3}.Debug|Any CPU.ActiveCfg = Debug|Any CPU
		{CED0EA5A-EEE1-450A-BFB7-04F4FFE1D2B3}.Debug|Any CPU.Build.0 = Debug|Any CPU
		{CED0EA5A-EEE1-450A-BFB7-04F4FFE1D2B3}.Release|Any CPU.ActiveCfg = Release|Any CPU
		{CED0EA5A-EEE1-450A-BFB7-04F4FFE1D2B3}.Release|Any CPU.Build.0 = Release|Any CPU
		{AA6F32D3-24C8-406A-B679-0CB75C8FD27E}.Debug|Any CPU.ActiveCfg = Debug|Any CPU
		{AA6F32D3-24C8-406A-B679-0CB75C8FD27E}.Debug|Any CPU.Build.0 = Debug|Any CPU
		{AA6F32D3-24C8-406A-B679-0CB75C8FD27E}.Release|Any CPU.ActiveCfg = Release|Any CPU
		{AA6F32D3-24C8-406A-B679-0CB75C8FD27E}.Release|Any CPU.Build.0 = Release|Any CPU
		{BC2C35D7-DCEA-4523-9A5D-9F3A79653D44}.Debug|Any CPU.ActiveCfg = Debug|Any CPU
		{BC2C35D7-DCEA-4523-9A5D-9F3A79653D44}.Debug|Any CPU.Build.0 = Debug|Any CPU
		{BC2C35D7-DCEA-4523-9A5D-9F3A79653D44}.Release|Any CPU.ActiveCfg = Release|Any CPU
		{BC2C35D7-DCEA-4523-9A5D-9F3A79653D44}.Release|Any CPU.Build.0 = Release|Any CPU
		{FBFB49F5-D921-4A43-AA96-154F494522BF}.Debug|Any CPU.ActiveCfg = Debug|Any CPU
		{FBFB49F5-D921-4A43-AA96-154F494522BF}.Debug|Any CPU.Build.0 = Debug|Any CPU
		{FBFB49F5-D921-4A43-AA96-154F494522BF}.Release|Any CPU.ActiveCfg = Release|Any CPU
		{FBFB49F5-D921-4A43-AA96-154F494522BF}.Release|Any CPU.Build.0 = Release|Any CPU
		{45E81C93-38F3-44A8-A346-28BCE9EB4A0B}.Debug|Any CPU.ActiveCfg = Debug|Any CPU
		{45E81C93-38F3-44A8-A346-28BCE9EB4A0B}.Debug|Any CPU.Build.0 = Debug|Any CPU
		{45E81C93-38F3-44A8-A346-28BCE9EB4A0B}.Release|Any CPU.ActiveCfg = Release|Any CPU
		{45E81C93-38F3-44A8-A346-28BCE9EB4A0B}.Release|Any CPU.Build.0 = Release|Any CPU
		{E2819DCA-FA58-4B15-9FD2-006E0BEF9111}.Debug|Any CPU.ActiveCfg = Debug|Any CPU
		{E2819DCA-FA58-4B15-9FD2-006E0BEF9111}.Debug|Any CPU.Build.0 = Debug|Any CPU
		{E2819DCA-FA58-4B15-9FD2-006E0BEF9111}.Release|Any CPU.ActiveCfg = Release|Any CPU
		{E2819DCA-FA58-4B15-9FD2-006E0BEF9111}.Release|Any CPU.Build.0 = Release|Any CPU
		{FEBAAF7D-1C56-4110-BBF0-486A652926B8}.Debug|Any CPU.ActiveCfg = Debug|Any CPU
		{FEBAAF7D-1C56-4110-BBF0-486A652926B8}.Debug|Any CPU.Build.0 = Debug|Any CPU
		{FEBAAF7D-1C56-4110-BBF0-486A652926B8}.Release|Any CPU.ActiveCfg = Release|Any CPU
		{FEBAAF7D-1C56-4110-BBF0-486A652926B8}.Release|Any CPU.Build.0 = Release|Any CPU
		{898E8E71-F14C-4911-991A-27514ED109A0}.Debug|Any CPU.ActiveCfg = Debug|Any CPU
		{898E8E71-F14C-4911-991A-27514ED109A0}.Debug|Any CPU.Build.0 = Debug|Any CPU
		{898E8E71-F14C-4911-991A-27514ED109A0}.Release|Any CPU.ActiveCfg = Release|Any CPU
		{898E8E71-F14C-4911-991A-27514ED109A0}.Release|Any CPU.Build.0 = Release|Any CPU
		{918580A9-9984-4EE6-AF18-5814F286DEA6}.Debug|Any CPU.ActiveCfg = Debug|Any CPU
		{918580A9-9984-4EE6-AF18-5814F286DEA6}.Debug|Any CPU.Build.0 = Debug|Any CPU
		{918580A9-9984-4EE6-AF18-5814F286DEA6}.Release|Any CPU.ActiveCfg = Release|Any CPU
		{918580A9-9984-4EE6-AF18-5814F286DEA6}.Release|Any CPU.Build.0 = Release|Any CPU
		{FB8A75D1-57D4-4E71-82D7-7DD688B56175}.Debug|Any CPU.ActiveCfg = Debug|Any CPU
		{FB8A75D1-57D4-4E71-82D7-7DD688B56175}.Debug|Any CPU.Build.0 = Debug|Any CPU
		{FB8A75D1-57D4-4E71-82D7-7DD688B56175}.Release|Any CPU.ActiveCfg = Release|Any CPU
		{FB8A75D1-57D4-4E71-82D7-7DD688B56175}.Release|Any CPU.Build.0 = Release|Any CPU
	EndGlobalSection
	GlobalSection(SolutionProperties) = preSolution
		HideSolutionNode = FALSE
	EndGlobalSection
	GlobalSection(ExtensibilityGlobals) = postSolution
		SolutionGuid = {434E5151-E428-4467-8E15-66E5BB983BC5}
	EndGlobalSection
EndGlobal
